// !$*UTF8*$!
{
	archiveVersion = 1;
	classes = {
	};
	objectVersion = 46;
	objects = {

/* Begin PBXBuildFile section */
		55C7EA9C29FF4879F819610E /* Pods_Tests.framework in Frameworks */ = {isa = PBXBuildFile; fileRef = 62B3E230F88599467808CB46 /* Pods_Tests.framework */; };
		5C627F301E2F14D50042D9BE /* NonOAuthTests.swift in Sources */ = {isa = PBXBuildFile; fileRef = 5C627F2F1E2F14D50042D9BE /* NonOAuthTests.swift */; };
		5CF033941E3ED69F000C97CC /* Album.swift in Sources */ = {isa = PBXBuildFile; fileRef = 5CF033671E3ED69F000C97CC /* Album.swift */; };
		5CF033951E3ED69F000C97CC /* Artist.swift in Sources */ = {isa = PBXBuildFile; fileRef = 5CF033681E3ED69F000C97CC /* Artist.swift */; };
		5CF033961E3ED69F000C97CC /* AudioAnalysis.swift in Sources */ = {isa = PBXBuildFile; fileRef = 5CF033691E3ED69F000C97CC /* AudioAnalysis.swift */; };
		5CF033971E3ED69F000C97CC /* AudioAnalysisBar.swift in Sources */ = {isa = PBXBuildFile; fileRef = 5CF0336A1E3ED69F000C97CC /* AudioAnalysisBar.swift */; };
		5CF033981E3ED69F000C97CC /* AudioAnalysisBeat.swift in Sources */ = {isa = PBXBuildFile; fileRef = 5CF0336B1E3ED69F000C97CC /* AudioAnalysisBeat.swift */; };
		5CF033991E3ED69F000C97CC /* AudioAnalysisMeta.swift in Sources */ = {isa = PBXBuildFile; fileRef = 5CF0336C1E3ED69F000C97CC /* AudioAnalysisMeta.swift */; };
		5CF0339A1E3ED69F000C97CC /* AudioAnalysisSection.swift in Sources */ = {isa = PBXBuildFile; fileRef = 5CF0336D1E3ED69F000C97CC /* AudioAnalysisSection.swift */; };
		5CF0339B1E3ED69F000C97CC /* AudioAnalysisSegment.swift in Sources */ = {isa = PBXBuildFile; fileRef = 5CF0336E1E3ED69F000C97CC /* AudioAnalysisSegment.swift */; };
		5CF0339C1E3ED69F000C97CC /* AudioAnalysisTatum.swift in Sources */ = {isa = PBXBuildFile; fileRef = 5CF0336F1E3ED69F000C97CC /* AudioAnalysisTatum.swift */; };
		5CF0339D1E3ED69F000C97CC /* AudioAnalysisTrack.swift in Sources */ = {isa = PBXBuildFile; fileRef = 5CF033701E3ED69F000C97CC /* AudioAnalysisTrack.swift */; };
		5CF0339E1E3ED69F000C97CC /* AudioFeaturesObject.swift in Sources */ = {isa = PBXBuildFile; fileRef = 5CF033711E3ED69F000C97CC /* AudioFeaturesObject.swift */; };
		5CF0339F1E3ED69F000C97CC /* CategoryObject.swift in Sources */ = {isa = PBXBuildFile; fileRef = 5CF033721E3ED69F000C97CC /* CategoryObject.swift */; };
		5CF033A01E3ED69F000C97CC /* CountryCode.swift in Sources */ = {isa = PBXBuildFile; fileRef = 5CF033731E3ED69F000C97CC /* CountryCode.swift */; };
		5CF033A11E3ED69F000C97CC /* FeaturedPlaylistsObject.swift in Sources */ = {isa = PBXBuildFile; fileRef = 5CF033741E3ED69F000C97CC /* FeaturedPlaylistsObject.swift */; };
		5CF033A21E3ED69F000C97CC /* FollowersObject.swift in Sources */ = {isa = PBXBuildFile; fileRef = 5CF033751E3ED69F000C97CC /* FollowersObject.swift */; };
		5CF033A31E3ED69F000C97CC /* FollowType.swift in Sources */ = {isa = PBXBuildFile; fileRef = 5CF033761E3ED69F000C97CC /* FollowType.swift */; };
		5CF033A41E3ED69F000C97CC /* ItemSearchType.swift in Sources */ = {isa = PBXBuildFile; fileRef = 5CF033771E3ED69F000C97CC /* ItemSearchType.swift */; };
		5CF033A51E3ED69F000C97CC /* LinkedTrackObject.swift in Sources */ = {isa = PBXBuildFile; fileRef = 5CF033781E3ED69F000C97CC /* LinkedTrackObject.swift */; };
		5CF033A61E3ED69F000C97CC /* PagingObject.swift in Sources */ = {isa = PBXBuildFile; fileRef = 5CF033791E3ED69F000C97CC /* PagingObject.swift */; };
		5CF033A71E3ED69F000C97CC /* Playlist.swift in Sources */ = {isa = PBXBuildFile; fileRef = 5CF0337A1E3ED69F000C97CC /* Playlist.swift */; };
		5CF033A81E3ED69F000C97CC /* PlaylistTrack.swift in Sources */ = {isa = PBXBuildFile; fileRef = 5CF0337B1E3ED69F000C97CC /* PlaylistTrack.swift */; };
		5CF033A91E3ED69F000C97CC /* PrivateUser.swift in Sources */ = {isa = PBXBuildFile; fileRef = 5CF0337C1E3ED69F000C97CC /* PrivateUser.swift */; };
		5CF033AA1E3ED69F000C97CC /* PublicUser.swift in Sources */ = {isa = PBXBuildFile; fileRef = 5CF0337D1E3ED69F000C97CC /* PublicUser.swift */; };
		5CF033AB1E3ED69F000C97CC /* RecommendationsObject.swift in Sources */ = {isa = PBXBuildFile; fileRef = 5CF0337E1E3ED69F000C97CC /* RecommendationsObject.swift */; };
		5CF033AC1E3ED69F000C97CC /* RecommendationsSeedObject.swift in Sources */ = {isa = PBXBuildFile; fileRef = 5CF0337F1E3ED69F000C97CC /* RecommendationsSeedObject.swift */; };
		5CF033AD1E3ED69F000C97CC /* SavedAlbum.swift in Sources */ = {isa = PBXBuildFile; fileRef = 5CF033801E3ED69F000C97CC /* SavedAlbum.swift */; };
		5CF033AE1E3ED69F000C97CC /* SavedTrack.swift in Sources */ = {isa = PBXBuildFile; fileRef = 5CF033811E3ED69F000C97CC /* SavedTrack.swift */; };
		5CF033AF1E3ED69F000C97CC /* SimplifiedAlbum.swift in Sources */ = {isa = PBXBuildFile; fileRef = 5CF033821E3ED69F000C97CC /* SimplifiedAlbum.swift */; };
		5CF033B01E3ED69F000C97CC /* SimplifiedArtist.swift in Sources */ = {isa = PBXBuildFile; fileRef = 5CF033831E3ED69F000C97CC /* SimplifiedArtist.swift */; };
		5CF033B11E3ED69F000C97CC /* SimplifiedPlaylist.swift in Sources */ = {isa = PBXBuildFile; fileRef = 5CF033841E3ED69F000C97CC /* SimplifiedPlaylist.swift */; };
		5CF033B21E3ED69F000C97CC /* SimplifiedTrack.swift in Sources */ = {isa = PBXBuildFile; fileRef = 5CF033851E3ED69F000C97CC /* SimplifiedTrack.swift */; };
		5CF033B31E3ED69F000C97CC /* SnapshotResponse.swift in Sources */ = {isa = PBXBuildFile; fileRef = 5CF033861E3ED69F000C97CC /* SnapshotResponse.swift */; };
		5CF033B41E3ED69F000C97CC /* Spartan.swift in Sources */ = {isa = PBXBuildFile; fileRef = 5CF033871E3ED69F000C97CC /* Spartan.swift */; };
		5CF033B51E3ED69F000C97CC /* SpartanBaseObject.swift in Sources */ = {isa = PBXBuildFile; fileRef = 5CF033881E3ED69F000C97CC /* SpartanBaseObject.swift */; };
		5CF033B81E3ED69F000C97CC /* SpartanError.swift in Sources */ = {isa = PBXBuildFile; fileRef = 5CF0338B1E3ED69F000C97CC /* SpartanError.swift */; };
		5CF033B91E3ED69F000C97CC /* SpartanImage.swift in Sources */ = {isa = PBXBuildFile; fileRef = 5CF0338C1E3ED69F000C97CC /* SpartanImage.swift */; };
		5CF033BA1E3ED69F000C97CC /* SpartanRequestAdapater.swift in Sources */ = {isa = PBXBuildFile; fileRef = 5CF0338D1E3ED69F000C97CC /* SpartanRequestAdapater.swift */; };
		5CF033BB1E3ED69F000C97CC /* SpartanRequestLogger.swift in Sources */ = {isa = PBXBuildFile; fileRef = 5CF0338E1E3ED69F000C97CC /* SpartanRequestLogger.swift */; };
		5CF033BC1E3ED69F000C97CC /* SpartanRequestManager.swift in Sources */ = {isa = PBXBuildFile; fileRef = 5CF0338F1E3ED69F000C97CC /* SpartanRequestManager.swift */; };
		5CF033BD1E3ED69F000C97CC /* SpartanURL.swift in Sources */ = {isa = PBXBuildFile; fileRef = 5CF033901E3ED69F000C97CC /* SpartanURL.swift */; };
		5CF033BE1E3ED69F000C97CC /* Track.swift in Sources */ = {isa = PBXBuildFile; fileRef = 5CF033911E3ED69F000C97CC /* Track.swift */; };
		5CF033BF1E3ED69F000C97CC /* TracksObject.swift in Sources */ = {isa = PBXBuildFile; fileRef = 5CF033921E3ED69F000C97CC /* TracksObject.swift */; };
		5CF033C01E3ED69F000C97CC /* TuneableTrackAttribute.swift in Sources */ = {isa = PBXBuildFile; fileRef = 5CF033931E3ED69F000C97CC /* TuneableTrackAttribute.swift */; };
		5CF033C11E3ED6AB000C97CC /* Album.swift in Sources */ = {isa = PBXBuildFile; fileRef = 5CF033671E3ED69F000C97CC /* Album.swift */; };
		5CF033C21E3ED6AB000C97CC /* Artist.swift in Sources */ = {isa = PBXBuildFile; fileRef = 5CF033681E3ED69F000C97CC /* Artist.swift */; };
		5CF033C31E3ED6AB000C97CC /* AudioAnalysis.swift in Sources */ = {isa = PBXBuildFile; fileRef = 5CF033691E3ED69F000C97CC /* AudioAnalysis.swift */; };
		5CF033C41E3ED6AB000C97CC /* AudioAnalysisBar.swift in Sources */ = {isa = PBXBuildFile; fileRef = 5CF0336A1E3ED69F000C97CC /* AudioAnalysisBar.swift */; };
		5CF033C51E3ED6AB000C97CC /* AudioAnalysisBeat.swift in Sources */ = {isa = PBXBuildFile; fileRef = 5CF0336B1E3ED69F000C97CC /* AudioAnalysisBeat.swift */; };
		5CF033C61E3ED6AB000C97CC /* AudioAnalysisMeta.swift in Sources */ = {isa = PBXBuildFile; fileRef = 5CF0336C1E3ED69F000C97CC /* AudioAnalysisMeta.swift */; };
		5CF033C71E3ED6AB000C97CC /* AudioAnalysisSection.swift in Sources */ = {isa = PBXBuildFile; fileRef = 5CF0336D1E3ED69F000C97CC /* AudioAnalysisSection.swift */; };
		5CF033C81E3ED6AB000C97CC /* AudioAnalysisSegment.swift in Sources */ = {isa = PBXBuildFile; fileRef = 5CF0336E1E3ED69F000C97CC /* AudioAnalysisSegment.swift */; };
		5CF033C91E3ED6AB000C97CC /* AudioAnalysisTatum.swift in Sources */ = {isa = PBXBuildFile; fileRef = 5CF0336F1E3ED69F000C97CC /* AudioAnalysisTatum.swift */; };
		5CF033CA1E3ED6AB000C97CC /* AudioAnalysisTrack.swift in Sources */ = {isa = PBXBuildFile; fileRef = 5CF033701E3ED69F000C97CC /* AudioAnalysisTrack.swift */; };
		5CF033CB1E3ED6AB000C97CC /* AudioFeaturesObject.swift in Sources */ = {isa = PBXBuildFile; fileRef = 5CF033711E3ED69F000C97CC /* AudioFeaturesObject.swift */; };
		5CF033CC1E3ED6AB000C97CC /* CategoryObject.swift in Sources */ = {isa = PBXBuildFile; fileRef = 5CF033721E3ED69F000C97CC /* CategoryObject.swift */; };
		5CF033CD1E3ED6AB000C97CC /* CountryCode.swift in Sources */ = {isa = PBXBuildFile; fileRef = 5CF033731E3ED69F000C97CC /* CountryCode.swift */; };
		5CF033CE1E3ED6AB000C97CC /* FeaturedPlaylistsObject.swift in Sources */ = {isa = PBXBuildFile; fileRef = 5CF033741E3ED69F000C97CC /* FeaturedPlaylistsObject.swift */; };
		5CF033CF1E3ED6AB000C97CC /* FollowersObject.swift in Sources */ = {isa = PBXBuildFile; fileRef = 5CF033751E3ED69F000C97CC /* FollowersObject.swift */; };
		5CF033D01E3ED6AB000C97CC /* FollowType.swift in Sources */ = {isa = PBXBuildFile; fileRef = 5CF033761E3ED69F000C97CC /* FollowType.swift */; };
		5CF033D11E3ED6AB000C97CC /* ItemSearchType.swift in Sources */ = {isa = PBXBuildFile; fileRef = 5CF033771E3ED69F000C97CC /* ItemSearchType.swift */; };
		5CF033D21E3ED6AB000C97CC /* LinkedTrackObject.swift in Sources */ = {isa = PBXBuildFile; fileRef = 5CF033781E3ED69F000C97CC /* LinkedTrackObject.swift */; };
		5CF033D31E3ED6AB000C97CC /* PagingObject.swift in Sources */ = {isa = PBXBuildFile; fileRef = 5CF033791E3ED69F000C97CC /* PagingObject.swift */; };
		5CF033D41E3ED6AB000C97CC /* Playlist.swift in Sources */ = {isa = PBXBuildFile; fileRef = 5CF0337A1E3ED69F000C97CC /* Playlist.swift */; };
		5CF033D51E3ED6AB000C97CC /* PlaylistTrack.swift in Sources */ = {isa = PBXBuildFile; fileRef = 5CF0337B1E3ED69F000C97CC /* PlaylistTrack.swift */; };
		5CF033D61E3ED6AB000C97CC /* PrivateUser.swift in Sources */ = {isa = PBXBuildFile; fileRef = 5CF0337C1E3ED69F000C97CC /* PrivateUser.swift */; };
		5CF033D71E3ED6AB000C97CC /* PublicUser.swift in Sources */ = {isa = PBXBuildFile; fileRef = 5CF0337D1E3ED69F000C97CC /* PublicUser.swift */; };
		5CF033D81E3ED6AB000C97CC /* RecommendationsObject.swift in Sources */ = {isa = PBXBuildFile; fileRef = 5CF0337E1E3ED69F000C97CC /* RecommendationsObject.swift */; };
		5CF033D91E3ED6AB000C97CC /* RecommendationsSeedObject.swift in Sources */ = {isa = PBXBuildFile; fileRef = 5CF0337F1E3ED69F000C97CC /* RecommendationsSeedObject.swift */; };
		5CF033DA1E3ED6AB000C97CC /* SavedAlbum.swift in Sources */ = {isa = PBXBuildFile; fileRef = 5CF033801E3ED69F000C97CC /* SavedAlbum.swift */; };
		5CF033DB1E3ED6AB000C97CC /* SavedTrack.swift in Sources */ = {isa = PBXBuildFile; fileRef = 5CF033811E3ED69F000C97CC /* SavedTrack.swift */; };
		5CF033DC1E3ED6AB000C97CC /* SimplifiedAlbum.swift in Sources */ = {isa = PBXBuildFile; fileRef = 5CF033821E3ED69F000C97CC /* SimplifiedAlbum.swift */; };
		5CF033DD1E3ED6AB000C97CC /* SimplifiedArtist.swift in Sources */ = {isa = PBXBuildFile; fileRef = 5CF033831E3ED69F000C97CC /* SimplifiedArtist.swift */; };
		5CF033DE1E3ED6AB000C97CC /* SimplifiedPlaylist.swift in Sources */ = {isa = PBXBuildFile; fileRef = 5CF033841E3ED69F000C97CC /* SimplifiedPlaylist.swift */; };
		5CF033DF1E3ED6AB000C97CC /* SimplifiedTrack.swift in Sources */ = {isa = PBXBuildFile; fileRef = 5CF033851E3ED69F000C97CC /* SimplifiedTrack.swift */; };
		5CF033E01E3ED6AB000C97CC /* SnapshotResponse.swift in Sources */ = {isa = PBXBuildFile; fileRef = 5CF033861E3ED69F000C97CC /* SnapshotResponse.swift */; };
		5CF033E11E3ED6AB000C97CC /* Spartan.swift in Sources */ = {isa = PBXBuildFile; fileRef = 5CF033871E3ED69F000C97CC /* Spartan.swift */; };
		5CF033E21E3ED6AB000C97CC /* SpartanBaseObject.swift in Sources */ = {isa = PBXBuildFile; fileRef = 5CF033881E3ED69F000C97CC /* SpartanBaseObject.swift */; };
		5CF033E51E3ED6AB000C97CC /* SpartanError.swift in Sources */ = {isa = PBXBuildFile; fileRef = 5CF0338B1E3ED69F000C97CC /* SpartanError.swift */; };
		5CF033E61E3ED6AB000C97CC /* SpartanImage.swift in Sources */ = {isa = PBXBuildFile; fileRef = 5CF0338C1E3ED69F000C97CC /* SpartanImage.swift */; };
		5CF033E71E3ED6AB000C97CC /* SpartanRequestAdapater.swift in Sources */ = {isa = PBXBuildFile; fileRef = 5CF0338D1E3ED69F000C97CC /* SpartanRequestAdapater.swift */; };
		5CF033E81E3ED6AB000C97CC /* SpartanRequestLogger.swift in Sources */ = {isa = PBXBuildFile; fileRef = 5CF0338E1E3ED69F000C97CC /* SpartanRequestLogger.swift */; };
		5CF033E91E3ED6AB000C97CC /* SpartanRequestManager.swift in Sources */ = {isa = PBXBuildFile; fileRef = 5CF0338F1E3ED69F000C97CC /* SpartanRequestManager.swift */; };
		5CF033EA1E3ED6AB000C97CC /* SpartanURL.swift in Sources */ = {isa = PBXBuildFile; fileRef = 5CF033901E3ED69F000C97CC /* SpartanURL.swift */; };
		5CF033EB1E3ED6AB000C97CC /* Track.swift in Sources */ = {isa = PBXBuildFile; fileRef = 5CF033911E3ED69F000C97CC /* Track.swift */; };
		5CF033EC1E3ED6AB000C97CC /* TracksObject.swift in Sources */ = {isa = PBXBuildFile; fileRef = 5CF033921E3ED69F000C97CC /* TracksObject.swift */; };
		5CF033ED1E3ED6AB000C97CC /* TuneableTrackAttribute.swift in Sources */ = {isa = PBXBuildFile; fileRef = 5CF033931E3ED69F000C97CC /* TuneableTrackAttribute.swift */; };
		5CF033F01E3ED77C000C97CC /* CopyrightObject.swift in Sources */ = {isa = PBXBuildFile; fileRef = 5CF033EE1E3ED77C000C97CC /* CopyrightObject.swift */; };
		5CF033F11E3ED77C000C97CC /* CursorsObject.swift in Sources */ = {isa = PBXBuildFile; fileRef = 5CF033EF1E3ED77C000C97CC /* CursorsObject.swift */; };
		5CF033F21E3ED785000C97CC /* CopyrightObject.swift in Sources */ = {isa = PBXBuildFile; fileRef = 5CF033EE1E3ED77C000C97CC /* CopyrightObject.swift */; };
		5CF033F31E3ED785000C97CC /* CursorsObject.swift in Sources */ = {isa = PBXBuildFile; fileRef = 5CF033EF1E3ED77C000C97CC /* CursorsObject.swift */; };
		5CF033F71E415AA5000C97CC /* TimeRange.swift in Sources */ = {isa = PBXBuildFile; fileRef = 5CF033F61E415AA5000C97CC /* TimeRange.swift */; };
		5CF033F81E415AAD000C97CC /* TimeRange.swift in Sources */ = {isa = PBXBuildFile; fileRef = 5CF033F61E415AA5000C97CC /* TimeRange.swift */; };
		5CF033FC1E41799C000C97CC /* Paginatable.swift in Sources */ = {isa = PBXBuildFile; fileRef = 5CF033FB1E41799C000C97CC /* Paginatable.swift */; };
		5CF033FD1E4179A3000C97CC /* Paginatable.swift in Sources */ = {isa = PBXBuildFile; fileRef = 5CF033FB1E41799C000C97CC /* Paginatable.swift */; };
		5CF648791E34203300E0702B /* OAuthTests.swift in Sources */ = {isa = PBXBuildFile; fileRef = 5CF648781E34203300E0702B /* OAuthTests.swift */; };
		5CF648A81E3448B300E0702B /* BaseTests.swift in Sources */ = {isa = PBXBuildFile; fileRef = 5CF648A71E3448B300E0702B /* BaseTests.swift */; };
		607FACD61AFB9204008FA782 /* AppDelegate.swift in Sources */ = {isa = PBXBuildFile; fileRef = 607FACD51AFB9204008FA782 /* AppDelegate.swift */; };
		607FACD81AFB9204008FA782 /* ViewController.swift in Sources */ = {isa = PBXBuildFile; fileRef = 607FACD71AFB9204008FA782 /* ViewController.swift */; };
		607FACDB1AFB9204008FA782 /* Main.storyboard in Resources */ = {isa = PBXBuildFile; fileRef = 607FACD91AFB9204008FA782 /* Main.storyboard */; };
		607FACDD1AFB9204008FA782 /* Images.xcassets in Resources */ = {isa = PBXBuildFile; fileRef = 607FACDC1AFB9204008FA782 /* Images.xcassets */; };
		607FACE01AFB9204008FA782 /* LaunchScreen.xib in Resources */ = {isa = PBXBuildFile; fileRef = 607FACDE1AFB9204008FA782 /* LaunchScreen.xib */; };
		804ECA0384EDD182BBA23115 /* Pods_SpartanExample.framework in Frameworks */ = {isa = PBXBuildFile; fileRef = 7F0D202FE17DD4ECA215202B /* Pods_SpartanExample.framework */; };
/* End PBXBuildFile section */

/* Begin PBXContainerItemProxy section */
		5C627F321E2F14D50042D9BE /* PBXContainerItemProxy */ = {
			isa = PBXContainerItemProxy;
			containerPortal = 607FACC81AFB9204008FA782 /* Project object */;
			proxyType = 1;
			remoteGlobalIDString = 607FACCF1AFB9204008FA782;
			remoteInfo = SpartanExample;
		};
/* End PBXContainerItemProxy section */

/* Begin PBXFileReference section */
		050B53841768FA649B2CA653 /* Pods-SpartanUnitTests.debug.xcconfig */ = {isa = PBXFileReference; includeInIndex = 1; lastKnownFileType = text.xcconfig; name = "Pods-SpartanUnitTests.debug.xcconfig"; path = "Pods/Target Support Files/Pods-SpartanUnitTests/Pods-SpartanUnitTests.debug.xcconfig"; sourceTree = "<group>"; };
		1AE07E5A7B998E1FB8A68B91 /* Pods-SpartanTests.debug.xcconfig */ = {isa = PBXFileReference; includeInIndex = 1; lastKnownFileType = text.xcconfig; name = "Pods-SpartanTests.debug.xcconfig"; path = "Pods/Target Support Files/Pods-SpartanTests/Pods-SpartanTests.debug.xcconfig"; sourceTree = "<group>"; };
		579B6923694B30A7521FAACD /* LICENSE */ = {isa = PBXFileReference; includeInIndex = 1; lastKnownFileType = text; name = LICENSE; path = ../LICENSE; sourceTree = "<group>"; };
		5C627F2D1E2F14D50042D9BE /* Tests.xctest */ = {isa = PBXFileReference; explicitFileType = wrapper.cfbundle; includeInIndex = 0; path = Tests.xctest; sourceTree = BUILT_PRODUCTS_DIR; };
		5C627F2F1E2F14D50042D9BE /* NonOAuthTests.swift */ = {isa = PBXFileReference; lastKnownFileType = sourcecode.swift; path = NonOAuthTests.swift; sourceTree = "<group>"; };
		5C627F311E2F14D50042D9BE /* Info.plist */ = {isa = PBXFileReference; lastKnownFileType = text.plist.xml; path = Info.plist; sourceTree = "<group>"; };
		5CF033671E3ED69F000C97CC /* Album.swift */ = {isa = PBXFileReference; fileEncoding = 4; lastKnownFileType = sourcecode.swift; name = Album.swift; path = ../../Spartan/Classes/Album.swift; sourceTree = "<group>"; };
		5CF033681E3ED69F000C97CC /* Artist.swift */ = {isa = PBXFileReference; fileEncoding = 4; lastKnownFileType = sourcecode.swift; name = Artist.swift; path = ../../Spartan/Classes/Artist.swift; sourceTree = "<group>"; };
		5CF033691E3ED69F000C97CC /* AudioAnalysis.swift */ = {isa = PBXFileReference; fileEncoding = 4; lastKnownFileType = sourcecode.swift; name = AudioAnalysis.swift; path = ../../Spartan/Classes/AudioAnalysis.swift; sourceTree = "<group>"; };
		5CF0336A1E3ED69F000C97CC /* AudioAnalysisBar.swift */ = {isa = PBXFileReference; fileEncoding = 4; lastKnownFileType = sourcecode.swift; name = AudioAnalysisBar.swift; path = ../../Spartan/Classes/AudioAnalysisBar.swift; sourceTree = "<group>"; };
		5CF0336B1E3ED69F000C97CC /* AudioAnalysisBeat.swift */ = {isa = PBXFileReference; fileEncoding = 4; lastKnownFileType = sourcecode.swift; name = AudioAnalysisBeat.swift; path = ../../Spartan/Classes/AudioAnalysisBeat.swift; sourceTree = "<group>"; };
		5CF0336C1E3ED69F000C97CC /* AudioAnalysisMeta.swift */ = {isa = PBXFileReference; fileEncoding = 4; lastKnownFileType = sourcecode.swift; name = AudioAnalysisMeta.swift; path = ../../Spartan/Classes/AudioAnalysisMeta.swift; sourceTree = "<group>"; };
		5CF0336D1E3ED69F000C97CC /* AudioAnalysisSection.swift */ = {isa = PBXFileReference; fileEncoding = 4; lastKnownFileType = sourcecode.swift; name = AudioAnalysisSection.swift; path = ../../Spartan/Classes/AudioAnalysisSection.swift; sourceTree = "<group>"; };
		5CF0336E1E3ED69F000C97CC /* AudioAnalysisSegment.swift */ = {isa = PBXFileReference; fileEncoding = 4; lastKnownFileType = sourcecode.swift; name = AudioAnalysisSegment.swift; path = ../../Spartan/Classes/AudioAnalysisSegment.swift; sourceTree = "<group>"; };
		5CF0336F1E3ED69F000C97CC /* AudioAnalysisTatum.swift */ = {isa = PBXFileReference; fileEncoding = 4; lastKnownFileType = sourcecode.swift; name = AudioAnalysisTatum.swift; path = ../../Spartan/Classes/AudioAnalysisTatum.swift; sourceTree = "<group>"; };
		5CF033701E3ED69F000C97CC /* AudioAnalysisTrack.swift */ = {isa = PBXFileReference; fileEncoding = 4; lastKnownFileType = sourcecode.swift; name = AudioAnalysisTrack.swift; path = ../../Spartan/Classes/AudioAnalysisTrack.swift; sourceTree = "<group>"; };
		5CF033711E3ED69F000C97CC /* AudioFeaturesObject.swift */ = {isa = PBXFileReference; fileEncoding = 4; lastKnownFileType = sourcecode.swift; name = AudioFeaturesObject.swift; path = ../../Spartan/Classes/AudioFeaturesObject.swift; sourceTree = "<group>"; };
		5CF033721E3ED69F000C97CC /* CategoryObject.swift */ = {isa = PBXFileReference; fileEncoding = 4; lastKnownFileType = sourcecode.swift; name = CategoryObject.swift; path = ../../Spartan/Classes/CategoryObject.swift; sourceTree = "<group>"; };
		5CF033731E3ED69F000C97CC /* CountryCode.swift */ = {isa = PBXFileReference; fileEncoding = 4; lastKnownFileType = sourcecode.swift; name = CountryCode.swift; path = ../../Spartan/Classes/CountryCode.swift; sourceTree = "<group>"; };
		5CF033741E3ED69F000C97CC /* FeaturedPlaylistsObject.swift */ = {isa = PBXFileReference; fileEncoding = 4; lastKnownFileType = sourcecode.swift; name = FeaturedPlaylistsObject.swift; path = ../../Spartan/Classes/FeaturedPlaylistsObject.swift; sourceTree = "<group>"; };
		5CF033751E3ED69F000C97CC /* FollowersObject.swift */ = {isa = PBXFileReference; fileEncoding = 4; lastKnownFileType = sourcecode.swift; name = FollowersObject.swift; path = ../../Spartan/Classes/FollowersObject.swift; sourceTree = "<group>"; };
		5CF033761E3ED69F000C97CC /* FollowType.swift */ = {isa = PBXFileReference; fileEncoding = 4; lastKnownFileType = sourcecode.swift; name = FollowType.swift; path = ../../Spartan/Classes/FollowType.swift; sourceTree = "<group>"; };
		5CF033771E3ED69F000C97CC /* ItemSearchType.swift */ = {isa = PBXFileReference; fileEncoding = 4; lastKnownFileType = sourcecode.swift; name = ItemSearchType.swift; path = ../../Spartan/Classes/ItemSearchType.swift; sourceTree = "<group>"; };
		5CF033781E3ED69F000C97CC /* LinkedTrackObject.swift */ = {isa = PBXFileReference; fileEncoding = 4; lastKnownFileType = sourcecode.swift; name = LinkedTrackObject.swift; path = ../../Spartan/Classes/LinkedTrackObject.swift; sourceTree = "<group>"; };
		5CF033791E3ED69F000C97CC /* PagingObject.swift */ = {isa = PBXFileReference; fileEncoding = 4; lastKnownFileType = sourcecode.swift; name = PagingObject.swift; path = ../../Spartan/Classes/PagingObject.swift; sourceTree = "<group>"; };
		5CF0337A1E3ED69F000C97CC /* Playlist.swift */ = {isa = PBXFileReference; fileEncoding = 4; lastKnownFileType = sourcecode.swift; name = Playlist.swift; path = ../../Spartan/Classes/Playlist.swift; sourceTree = "<group>"; };
		5CF0337B1E3ED69F000C97CC /* PlaylistTrack.swift */ = {isa = PBXFileReference; fileEncoding = 4; lastKnownFileType = sourcecode.swift; name = PlaylistTrack.swift; path = ../../Spartan/Classes/PlaylistTrack.swift; sourceTree = "<group>"; };
		5CF0337C1E3ED69F000C97CC /* PrivateUser.swift */ = {isa = PBXFileReference; fileEncoding = 4; lastKnownFileType = sourcecode.swift; name = PrivateUser.swift; path = ../../Spartan/Classes/PrivateUser.swift; sourceTree = "<group>"; };
		5CF0337D1E3ED69F000C97CC /* PublicUser.swift */ = {isa = PBXFileReference; fileEncoding = 4; lastKnownFileType = sourcecode.swift; name = PublicUser.swift; path = ../../Spartan/Classes/PublicUser.swift; sourceTree = "<group>"; };
		5CF0337E1E3ED69F000C97CC /* RecommendationsObject.swift */ = {isa = PBXFileReference; fileEncoding = 4; lastKnownFileType = sourcecode.swift; name = RecommendationsObject.swift; path = ../../Spartan/Classes/RecommendationsObject.swift; sourceTree = "<group>"; };
		5CF0337F1E3ED69F000C97CC /* RecommendationsSeedObject.swift */ = {isa = PBXFileReference; fileEncoding = 4; lastKnownFileType = sourcecode.swift; name = RecommendationsSeedObject.swift; path = ../../Spartan/Classes/RecommendationsSeedObject.swift; sourceTree = "<group>"; };
		5CF033801E3ED69F000C97CC /* SavedAlbum.swift */ = {isa = PBXFileReference; fileEncoding = 4; lastKnownFileType = sourcecode.swift; name = SavedAlbum.swift; path = ../../Spartan/Classes/SavedAlbum.swift; sourceTree = "<group>"; };
		5CF033811E3ED69F000C97CC /* SavedTrack.swift */ = {isa = PBXFileReference; fileEncoding = 4; lastKnownFileType = sourcecode.swift; name = SavedTrack.swift; path = ../../Spartan/Classes/SavedTrack.swift; sourceTree = "<group>"; };
		5CF033821E3ED69F000C97CC /* SimplifiedAlbum.swift */ = {isa = PBXFileReference; fileEncoding = 4; lastKnownFileType = sourcecode.swift; name = SimplifiedAlbum.swift; path = ../../Spartan/Classes/SimplifiedAlbum.swift; sourceTree = "<group>"; };
		5CF033831E3ED69F000C97CC /* SimplifiedArtist.swift */ = {isa = PBXFileReference; fileEncoding = 4; lastKnownFileType = sourcecode.swift; name = SimplifiedArtist.swift; path = ../../Spartan/Classes/SimplifiedArtist.swift; sourceTree = "<group>"; };
		5CF033841E3ED69F000C97CC /* SimplifiedPlaylist.swift */ = {isa = PBXFileReference; fileEncoding = 4; lastKnownFileType = sourcecode.swift; name = SimplifiedPlaylist.swift; path = ../../Spartan/Classes/SimplifiedPlaylist.swift; sourceTree = "<group>"; };
		5CF033851E3ED69F000C97CC /* SimplifiedTrack.swift */ = {isa = PBXFileReference; fileEncoding = 4; lastKnownFileType = sourcecode.swift; name = SimplifiedTrack.swift; path = ../../Spartan/Classes/SimplifiedTrack.swift; sourceTree = "<group>"; };
		5CF033861E3ED69F000C97CC /* SnapshotResponse.swift */ = {isa = PBXFileReference; fileEncoding = 4; lastKnownFileType = sourcecode.swift; name = SnapshotResponse.swift; path = ../../Spartan/Classes/SnapshotResponse.swift; sourceTree = "<group>"; };
		5CF033871E3ED69F000C97CC /* Spartan.swift */ = {isa = PBXFileReference; fileEncoding = 4; lastKnownFileType = sourcecode.swift; name = Spartan.swift; path = ../../Spartan/Classes/Spartan.swift; sourceTree = "<group>"; };
		5CF033881E3ED69F000C97CC /* SpartanBaseObject.swift */ = {isa = PBXFileReference; fileEncoding = 4; lastKnownFileType = sourcecode.swift; name = SpartanBaseObject.swift; path = ../../Spartan/Classes/SpartanBaseObject.swift; sourceTree = "<group>"; };
		5CF0338B1E3ED69F000C97CC /* SpartanError.swift */ = {isa = PBXFileReference; fileEncoding = 4; lastKnownFileType = sourcecode.swift; name = SpartanError.swift; path = ../../Spartan/Classes/SpartanError.swift; sourceTree = "<group>"; };
		5CF0338C1E3ED69F000C97CC /* SpartanImage.swift */ = {isa = PBXFileReference; fileEncoding = 4; lastKnownFileType = sourcecode.swift; name = SpartanImage.swift; path = ../../Spartan/Classes/SpartanImage.swift; sourceTree = "<group>"; };
		5CF0338D1E3ED69F000C97CC /* SpartanRequestAdapater.swift */ = {isa = PBXFileReference; fileEncoding = 4; lastKnownFileType = sourcecode.swift; name = SpartanRequestAdapater.swift; path = ../../Spartan/Classes/SpartanRequestAdapater.swift; sourceTree = "<group>"; };
		5CF0338E1E3ED69F000C97CC /* SpartanRequestLogger.swift */ = {isa = PBXFileReference; fileEncoding = 4; lastKnownFileType = sourcecode.swift; name = SpartanRequestLogger.swift; path = ../../Spartan/Classes/SpartanRequestLogger.swift; sourceTree = "<group>"; };
		5CF0338F1E3ED69F000C97CC /* SpartanRequestManager.swift */ = {isa = PBXFileReference; fileEncoding = 4; lastKnownFileType = sourcecode.swift; name = SpartanRequestManager.swift; path = ../../Spartan/Classes/SpartanRequestManager.swift; sourceTree = "<group>"; };
		5CF033901E3ED69F000C97CC /* SpartanURL.swift */ = {isa = PBXFileReference; fileEncoding = 4; lastKnownFileType = sourcecode.swift; name = SpartanURL.swift; path = ../../Spartan/Classes/SpartanURL.swift; sourceTree = "<group>"; };
		5CF033911E3ED69F000C97CC /* Track.swift */ = {isa = PBXFileReference; fileEncoding = 4; lastKnownFileType = sourcecode.swift; name = Track.swift; path = ../../Spartan/Classes/Track.swift; sourceTree = "<group>"; };
		5CF033921E3ED69F000C97CC /* TracksObject.swift */ = {isa = PBXFileReference; fileEncoding = 4; lastKnownFileType = sourcecode.swift; name = TracksObject.swift; path = ../../Spartan/Classes/TracksObject.swift; sourceTree = "<group>"; };
		5CF033931E3ED69F000C97CC /* TuneableTrackAttribute.swift */ = {isa = PBXFileReference; fileEncoding = 4; lastKnownFileType = sourcecode.swift; name = TuneableTrackAttribute.swift; path = ../../Spartan/Classes/TuneableTrackAttribute.swift; sourceTree = "<group>"; };
		5CF033EE1E3ED77C000C97CC /* CopyrightObject.swift */ = {isa = PBXFileReference; fileEncoding = 4; lastKnownFileType = sourcecode.swift; name = CopyrightObject.swift; path = ../../Spartan/Classes/CopyrightObject.swift; sourceTree = "<group>"; };
		5CF033EF1E3ED77C000C97CC /* CursorsObject.swift */ = {isa = PBXFileReference; fileEncoding = 4; lastKnownFileType = sourcecode.swift; name = CursorsObject.swift; path = ../../Spartan/Classes/CursorsObject.swift; sourceTree = "<group>"; };
		5CF033F61E415AA5000C97CC /* TimeRange.swift */ = {isa = PBXFileReference; fileEncoding = 4; lastKnownFileType = sourcecode.swift; name = TimeRange.swift; path = ../../Spartan/Classes/TimeRange.swift; sourceTree = "<group>"; };
		5CF033FB1E41799C000C97CC /* Paginatable.swift */ = {isa = PBXFileReference; fileEncoding = 4; lastKnownFileType = sourcecode.swift; name = Paginatable.swift; path = ../../Spartan/Classes/Paginatable.swift; sourceTree = "<group>"; };
		5CF648781E34203300E0702B /* OAuthTests.swift */ = {isa = PBXFileReference; fileEncoding = 4; lastKnownFileType = sourcecode.swift; path = OAuthTests.swift; sourceTree = "<group>"; };
		5CF648A71E3448B300E0702B /* BaseTests.swift */ = {isa = PBXFileReference; fileEncoding = 4; lastKnownFileType = sourcecode.swift; path = BaseTests.swift; sourceTree = "<group>"; };
		607FACD01AFB9204008FA782 /* SpartanExample.app */ = {isa = PBXFileReference; explicitFileType = wrapper.application; includeInIndex = 0; path = SpartanExample.app; sourceTree = BUILT_PRODUCTS_DIR; };
		607FACD41AFB9204008FA782 /* Info.plist */ = {isa = PBXFileReference; lastKnownFileType = text.plist.xml; path = Info.plist; sourceTree = "<group>"; };
		607FACD51AFB9204008FA782 /* AppDelegate.swift */ = {isa = PBXFileReference; lastKnownFileType = sourcecode.swift; path = AppDelegate.swift; sourceTree = "<group>"; };
		607FACD71AFB9204008FA782 /* ViewController.swift */ = {isa = PBXFileReference; lastKnownFileType = sourcecode.swift; path = ViewController.swift; sourceTree = "<group>"; };
		607FACDA1AFB9204008FA782 /* Base */ = {isa = PBXFileReference; lastKnownFileType = file.storyboard; name = Base; path = Base.lproj/Main.storyboard; sourceTree = "<group>"; };
		607FACDC1AFB9204008FA782 /* Images.xcassets */ = {isa = PBXFileReference; lastKnownFileType = folder.assetcatalog; path = Images.xcassets; sourceTree = "<group>"; };
		607FACDF1AFB9204008FA782 /* Base */ = {isa = PBXFileReference; lastKnownFileType = file.xib; name = Base; path = Base.lproj/LaunchScreen.xib; sourceTree = "<group>"; };
		62B3E230F88599467808CB46 /* Pods_Tests.framework */ = {isa = PBXFileReference; explicitFileType = wrapper.framework; includeInIndex = 0; path = Pods_Tests.framework; sourceTree = BUILT_PRODUCTS_DIR; };
		7D5D0367C7FA1F77482FDB65 /* Pods-Tests.debug.xcconfig */ = {isa = PBXFileReference; includeInIndex = 1; lastKnownFileType = text.xcconfig; name = "Pods-Tests.debug.xcconfig"; path = "Pods/Target Support Files/Pods-Tests/Pods-Tests.debug.xcconfig"; sourceTree = "<group>"; };
		7F0D202FE17DD4ECA215202B /* Pods_SpartanExample.framework */ = {isa = PBXFileReference; explicitFileType = wrapper.framework; includeInIndex = 0; path = Pods_SpartanExample.framework; sourceTree = BUILT_PRODUCTS_DIR; };
		9E644F8E2EE9234AC817160B /* Pods-Tests.release.xcconfig */ = {isa = PBXFileReference; includeInIndex = 1; lastKnownFileType = text.xcconfig; name = "Pods-Tests.release.xcconfig"; path = "Pods/Target Support Files/Pods-Tests/Pods-Tests.release.xcconfig"; sourceTree = "<group>"; };
		A468AA955F2CAE430D18190D /* Pods-SpartanUnitTests.release.xcconfig */ = {isa = PBXFileReference; includeInIndex = 1; lastKnownFileType = text.xcconfig; name = "Pods-SpartanUnitTests.release.xcconfig"; path = "Pods/Target Support Files/Pods-SpartanUnitTests/Pods-SpartanUnitTests.release.xcconfig"; sourceTree = "<group>"; };
		A74418BFEFE28DD1E6638234 /* Pods-SpartanTests.release.xcconfig */ = {isa = PBXFileReference; includeInIndex = 1; lastKnownFileType = text.xcconfig; name = "Pods-SpartanTests.release.xcconfig"; path = "Pods/Target Support Files/Pods-SpartanTests/Pods-SpartanTests.release.xcconfig"; sourceTree = "<group>"; };
		B6BDEEB8D6A6540481803AD9 /* README.md */ = {isa = PBXFileReference; includeInIndex = 1; lastKnownFileType = net.daringfireball.markdown; name = README.md; path = ../README.md; sourceTree = "<group>"; };
		C628933ECF8778671B80AF7E /* Spartan.podspec */ = {isa = PBXFileReference; includeInIndex = 1; lastKnownFileType = text; name = Spartan.podspec; path = ../Spartan.podspec; sourceTree = "<group>"; };
		D2621101D8D15FE4F12863F3 /* Pods-SpartanExample.release.xcconfig */ = {isa = PBXFileReference; includeInIndex = 1; lastKnownFileType = text.xcconfig; name = "Pods-SpartanExample.release.xcconfig"; path = "Pods/Target Support Files/Pods-SpartanExample/Pods-SpartanExample.release.xcconfig"; sourceTree = "<group>"; };
		F0799769FD03295157DC419D /* Pods_SpartanTests.framework */ = {isa = PBXFileReference; explicitFileType = wrapper.framework; includeInIndex = 0; path = Pods_SpartanTests.framework; sourceTree = BUILT_PRODUCTS_DIR; };
		F6CC7B10F35CDB83F37498AF /* Pods-SpartanExample.debug.xcconfig */ = {isa = PBXFileReference; includeInIndex = 1; lastKnownFileType = text.xcconfig; name = "Pods-SpartanExample.debug.xcconfig"; path = "Pods/Target Support Files/Pods-SpartanExample/Pods-SpartanExample.debug.xcconfig"; sourceTree = "<group>"; };
/* End PBXFileReference section */

/* Begin PBXFrameworksBuildPhase section */
		5C627F2A1E2F14D50042D9BE /* Frameworks */ = {
			isa = PBXFrameworksBuildPhase;
			buildActionMask = 2147483647;
			files = (
				55C7EA9C29FF4879F819610E /* Pods_Tests.framework in Frameworks */,
			);
			runOnlyForDeploymentPostprocessing = 0;
		};
		607FACCD1AFB9204008FA782 /* Frameworks */ = {
			isa = PBXFrameworksBuildPhase;
			buildActionMask = 2147483647;
			files = (
				804ECA0384EDD182BBA23115 /* Pods_SpartanExample.framework in Frameworks */,
			);
			runOnlyForDeploymentPostprocessing = 0;
		};
/* End PBXFrameworksBuildPhase section */

/* Begin PBXGroup section */
		38A7E7A1F6C6898B0BF38DAA /* Pods */ = {
			isa = PBXGroup;
			children = (
				F6CC7B10F35CDB83F37498AF /* Pods-SpartanExample.debug.xcconfig */,
				D2621101D8D15FE4F12863F3 /* Pods-SpartanExample.release.xcconfig */,
				050B53841768FA649B2CA653 /* Pods-SpartanUnitTests.debug.xcconfig */,
				A468AA955F2CAE430D18190D /* Pods-SpartanUnitTests.release.xcconfig */,
				1AE07E5A7B998E1FB8A68B91 /* Pods-SpartanTests.debug.xcconfig */,
				A74418BFEFE28DD1E6638234 /* Pods-SpartanTests.release.xcconfig */,
				7D5D0367C7FA1F77482FDB65 /* Pods-Tests.debug.xcconfig */,
				9E644F8E2EE9234AC817160B /* Pods-Tests.release.xcconfig */,
			);
			name = Pods;
			sourceTree = "<group>";
		};
		5C627F2E1E2F14D50042D9BE /* Tests */ = {
			isa = PBXGroup;
			children = (
				5CF648A71E3448B300E0702B /* BaseTests.swift */,
				5C627F2F1E2F14D50042D9BE /* NonOAuthTests.swift */,
				5CF648781E34203300E0702B /* OAuthTests.swift */,
				5C627F311E2F14D50042D9BE /* Info.plist */,
			);
			path = Tests;
			sourceTree = "<group>";
		};
		5CFD230F1E2C35BC00C8ED7E /* Source */ = {
			isa = PBXGroup;
			children = (
				5CF033671E3ED69F000C97CC /* Album.swift */,
				5CF033681E3ED69F000C97CC /* Artist.swift */,
				5CF033691E3ED69F000C97CC /* AudioAnalysis.swift */,
				5CF0336A1E3ED69F000C97CC /* AudioAnalysisBar.swift */,
				5CF0336B1E3ED69F000C97CC /* AudioAnalysisBeat.swift */,
				5CF0336C1E3ED69F000C97CC /* AudioAnalysisMeta.swift */,
				5CF0336D1E3ED69F000C97CC /* AudioAnalysisSection.swift */,
				5CF0336E1E3ED69F000C97CC /* AudioAnalysisSegment.swift */,
				5CF0336F1E3ED69F000C97CC /* AudioAnalysisTatum.swift */,
				5CF033701E3ED69F000C97CC /* AudioAnalysisTrack.swift */,
				5CF033711E3ED69F000C97CC /* AudioFeaturesObject.swift */,
				5CF033721E3ED69F000C97CC /* CategoryObject.swift */,
				5CF033EE1E3ED77C000C97CC /* CopyrightObject.swift */,
				5CF033731E3ED69F000C97CC /* CountryCode.swift */,
				5CF033EF1E3ED77C000C97CC /* CursorsObject.swift */,
				5CF033741E3ED69F000C97CC /* FeaturedPlaylistsObject.swift */,
				5CF033751E3ED69F000C97CC /* FollowersObject.swift */,
				5CF033761E3ED69F000C97CC /* FollowType.swift */,
				5CF033771E3ED69F000C97CC /* ItemSearchType.swift */,
				5CF033781E3ED69F000C97CC /* LinkedTrackObject.swift */,
				5CF033FB1E41799C000C97CC /* Paginatable.swift */,
				5CF033791E3ED69F000C97CC /* PagingObject.swift */,
				5CF0337A1E3ED69F000C97CC /* Playlist.swift */,
				5CF0337B1E3ED69F000C97CC /* PlaylistTrack.swift */,
				5CF0337C1E3ED69F000C97CC /* PrivateUser.swift */,
				5CF0337D1E3ED69F000C97CC /* PublicUser.swift */,
				5CF0337E1E3ED69F000C97CC /* RecommendationsObject.swift */,
				5CF0337F1E3ED69F000C97CC /* RecommendationsSeedObject.swift */,
				5CF033801E3ED69F000C97CC /* SavedAlbum.swift */,
				5CF033811E3ED69F000C97CC /* SavedTrack.swift */,
				5CF033821E3ED69F000C97CC /* SimplifiedAlbum.swift */,
				5CF033831E3ED69F000C97CC /* SimplifiedArtist.swift */,
				5CF033841E3ED69F000C97CC /* SimplifiedPlaylist.swift */,
				5CF033851E3ED69F000C97CC /* SimplifiedTrack.swift */,
				5CF033861E3ED69F000C97CC /* SnapshotResponse.swift */,
				5CF033871E3ED69F000C97CC /* Spartan.swift */,
				5CF033881E3ED69F000C97CC /* SpartanBaseObject.swift */,
				5CF0338B1E3ED69F000C97CC /* SpartanError.swift */,
				5CF0338C1E3ED69F000C97CC /* SpartanImage.swift */,
				5CF0338D1E3ED69F000C97CC /* SpartanRequestAdapater.swift */,
				5CF0338E1E3ED69F000C97CC /* SpartanRequestLogger.swift */,
				5CF0338F1E3ED69F000C97CC /* SpartanRequestManager.swift */,
				5CF033901E3ED69F000C97CC /* SpartanURL.swift */,
				5CF033F61E415AA5000C97CC /* TimeRange.swift */,
				5CF033911E3ED69F000C97CC /* Track.swift */,
				5CF033921E3ED69F000C97CC /* TracksObject.swift */,
				5CF033931E3ED69F000C97CC /* TuneableTrackAttribute.swift */,
			);
			name = Source;
			sourceTree = "<group>";
		};
		607FACC71AFB9204008FA782 = {
			isa = PBXGroup;
			children = (
				607FACF51AFB993E008FA782 /* Podspec Metadata */,
				607FACD21AFB9204008FA782 /* Example for Spartan */,
				5C627F2E1E2F14D50042D9BE /* Tests */,
				607FACD11AFB9204008FA782 /* Products */,
				38A7E7A1F6C6898B0BF38DAA /* Pods */,
				F0D4B043E94A169E92919309 /* Frameworks */,
			);
			sourceTree = "<group>";
		};
		607FACD11AFB9204008FA782 /* Products */ = {
			isa = PBXGroup;
			children = (
				607FACD01AFB9204008FA782 /* SpartanExample.app */,
				5C627F2D1E2F14D50042D9BE /* Tests.xctest */,
			);
			name = Products;
			sourceTree = "<group>";
		};
		607FACD21AFB9204008FA782 /* Example for Spartan */ = {
			isa = PBXGroup;
			children = (
				5CFD230F1E2C35BC00C8ED7E /* Source */,
				607FACD51AFB9204008FA782 /* AppDelegate.swift */,
				607FACD71AFB9204008FA782 /* ViewController.swift */,
				607FACD91AFB9204008FA782 /* Main.storyboard */,
				607FACDC1AFB9204008FA782 /* Images.xcassets */,
				607FACDE1AFB9204008FA782 /* LaunchScreen.xib */,
				607FACD31AFB9204008FA782 /* Supporting Files */,
			);
			name = "Example for Spartan";
			path = Spartan;
			sourceTree = "<group>";
		};
		607FACD31AFB9204008FA782 /* Supporting Files */ = {
			isa = PBXGroup;
			children = (
				607FACD41AFB9204008FA782 /* Info.plist */,
			);
			name = "Supporting Files";
			sourceTree = "<group>";
		};
		607FACF51AFB993E008FA782 /* Podspec Metadata */ = {
			isa = PBXGroup;
			children = (
				C628933ECF8778671B80AF7E /* Spartan.podspec */,
				B6BDEEB8D6A6540481803AD9 /* README.md */,
				579B6923694B30A7521FAACD /* LICENSE */,
			);
			name = "Podspec Metadata";
			sourceTree = "<group>";
		};
		F0D4B043E94A169E92919309 /* Frameworks */ = {
			isa = PBXGroup;
			children = (
				7F0D202FE17DD4ECA215202B /* Pods_SpartanExample.framework */,
				F0799769FD03295157DC419D /* Pods_SpartanTests.framework */,
				62B3E230F88599467808CB46 /* Pods_Tests.framework */,
			);
			name = Frameworks;
			sourceTree = "<group>";
		};
/* End PBXGroup section */

/* Begin PBXNativeTarget section */
		5C627F2C1E2F14D50042D9BE /* Tests */ = {
			isa = PBXNativeTarget;
			buildConfigurationList = 5C627F341E2F14D50042D9BE /* Build configuration list for PBXNativeTarget "Tests" */;
			buildPhases = (
				EAB650E6C4EB6CEE432D34CD /* [CP] Check Pods Manifest.lock */,
				5C627F291E2F14D50042D9BE /* Sources */,
				5C627F2A1E2F14D50042D9BE /* Frameworks */,
				5C627F2B1E2F14D50042D9BE /* Resources */,
				EFA43CD47518AFB0D4DE7DDE /* [CP] Embed Pods Frameworks */,
				9358BFC40ADFF8FACEA9AD81 /* [CP] Copy Pods Resources */,
			);
			buildRules = (
			);
			dependencies = (
				5C627F331E2F14D50042D9BE /* PBXTargetDependency */,
			);
			name = Tests;
			productName = Tests;
			productReference = 5C627F2D1E2F14D50042D9BE /* Tests.xctest */;
			productType = "com.apple.product-type.bundle.unit-test";
		};
		607FACCF1AFB9204008FA782 /* SpartanExample */ = {
			isa = PBXNativeTarget;
			buildConfigurationList = 607FACEF1AFB9204008FA782 /* Build configuration list for PBXNativeTarget "SpartanExample" */;
			buildPhases = (
				B7E659C39AAB391EFAF8BA97 /* [CP] Check Pods Manifest.lock */,
				607FACCC1AFB9204008FA782 /* Sources */,
				607FACCD1AFB9204008FA782 /* Frameworks */,
				607FACCE1AFB9204008FA782 /* Resources */,
				917188EC069488F4497DB655 /* [CP] Embed Pods Frameworks */,
				4A9D76725B4EA34EC7FD99EE /* [CP] Copy Pods Resources */,
			);
			buildRules = (
			);
			dependencies = (
			);
			name = SpartanExample;
			productName = Spartan;
			productReference = 607FACD01AFB9204008FA782 /* SpartanExample.app */;
			productType = "com.apple.product-type.application";
		};
/* End PBXNativeTarget section */

/* Begin PBXProject section */
		607FACC81AFB9204008FA782 /* Project object */ = {
			isa = PBXProject;
			attributes = {
				LastSwiftUpdateCheck = 0820;
				LastUpgradeCheck = 0820;
				ORGANIZATIONNAME = CocoaPods;
				TargetAttributes = {
					5C627F2C1E2F14D50042D9BE = {
						CreatedOnToolsVersion = 8.2.1;
						ProvisioningStyle = Automatic;
						TestTargetID = 607FACCF1AFB9204008FA782;
					};
					607FACCF1AFB9204008FA782 = {
						CreatedOnToolsVersion = 6.3.1;
						LastSwiftMigration = 0820;
					};
				};
			};
			buildConfigurationList = 607FACCB1AFB9204008FA782 /* Build configuration list for PBXProject "Spartan" */;
			compatibilityVersion = "Xcode 3.2";
			developmentRegion = English;
			hasScannedForEncodings = 0;
			knownRegions = (
				en,
				Base,
			);
			mainGroup = 607FACC71AFB9204008FA782;
			productRefGroup = 607FACD11AFB9204008FA782 /* Products */;
			projectDirPath = "";
			projectRoot = "";
			targets = (
				607FACCF1AFB9204008FA782 /* SpartanExample */,
				5C627F2C1E2F14D50042D9BE /* Tests */,
			);
		};
/* End PBXProject section */

/* Begin PBXResourcesBuildPhase section */
		5C627F2B1E2F14D50042D9BE /* Resources */ = {
			isa = PBXResourcesBuildPhase;
			buildActionMask = 2147483647;
			files = (
			);
			runOnlyForDeploymentPostprocessing = 0;
		};
		607FACCE1AFB9204008FA782 /* Resources */ = {
			isa = PBXResourcesBuildPhase;
			buildActionMask = 2147483647;
			files = (
				607FACDB1AFB9204008FA782 /* Main.storyboard in Resources */,
				607FACE01AFB9204008FA782 /* LaunchScreen.xib in Resources */,
				607FACDD1AFB9204008FA782 /* Images.xcassets in Resources */,
			);
			runOnlyForDeploymentPostprocessing = 0;
		};
/* End PBXResourcesBuildPhase section */

/* Begin PBXShellScriptBuildPhase section */
		4A9D76725B4EA34EC7FD99EE /* [CP] Copy Pods Resources */ = {
			isa = PBXShellScriptBuildPhase;
			buildActionMask = 2147483647;
			files = (
			);
			inputPaths = (
			);
			name = "[CP] Copy Pods Resources";
			outputPaths = (
			);
			runOnlyForDeploymentPostprocessing = 0;
			shellPath = /bin/sh;
			shellScript = "\"${SRCROOT}/Pods/Target Support Files/Pods-SpartanExample/Pods-SpartanExample-resources.sh\"\n";
			showEnvVarsInLog = 0;
		};
		917188EC069488F4497DB655 /* [CP] Embed Pods Frameworks */ = {
			isa = PBXShellScriptBuildPhase;
			buildActionMask = 2147483647;
			files = (
			);
			inputPaths = (
			);
			name = "[CP] Embed Pods Frameworks";
			outputPaths = (
			);
			runOnlyForDeploymentPostprocessing = 0;
			shellPath = /bin/sh;
			shellScript = "\"${SRCROOT}/Pods/Target Support Files/Pods-SpartanExample/Pods-SpartanExample-frameworks.sh\"\n";
			showEnvVarsInLog = 0;
		};
		9358BFC40ADFF8FACEA9AD81 /* [CP] Copy Pods Resources */ = {
			isa = PBXShellScriptBuildPhase;
			buildActionMask = 2147483647;
			files = (
			);
			inputPaths = (
			);
			name = "[CP] Copy Pods Resources";
			outputPaths = (
			);
			runOnlyForDeploymentPostprocessing = 0;
			shellPath = /bin/sh;
			shellScript = "\"${SRCROOT}/Pods/Target Support Files/Pods-Tests/Pods-Tests-resources.sh\"\n";
			showEnvVarsInLog = 0;
		};
		B7E659C39AAB391EFAF8BA97 /* [CP] Check Pods Manifest.lock */ = {
			isa = PBXShellScriptBuildPhase;
			buildActionMask = 2147483647;
			files = (
			);
			inputPaths = (
			);
			name = "[CP] Check Pods Manifest.lock";
			outputPaths = (
			);
			runOnlyForDeploymentPostprocessing = 0;
			shellPath = /bin/sh;
			shellScript = "diff \"${PODS_ROOT}/../Podfile.lock\" \"${PODS_ROOT}/Manifest.lock\" > /dev/null\nif [ $? != 0 ] ; then\n    # print error to STDERR\n    echo \"error: The sandbox is not in sync with the Podfile.lock. Run 'pod install' or update your CocoaPods installation.\" >&2\n    exit 1\nfi\n";
			showEnvVarsInLog = 0;
		};
		EAB650E6C4EB6CEE432D34CD /* [CP] Check Pods Manifest.lock */ = {
			isa = PBXShellScriptBuildPhase;
			buildActionMask = 2147483647;
			files = (
			);
			inputPaths = (
			);
			name = "[CP] Check Pods Manifest.lock";
			outputPaths = (
			);
			runOnlyForDeploymentPostprocessing = 0;
			shellPath = /bin/sh;
			shellScript = "diff \"${PODS_ROOT}/../Podfile.lock\" \"${PODS_ROOT}/Manifest.lock\" > /dev/null\nif [ $? != 0 ] ; then\n    # print error to STDERR\n    echo \"error: The sandbox is not in sync with the Podfile.lock. Run 'pod install' or update your CocoaPods installation.\" >&2\n    exit 1\nfi\n";
			showEnvVarsInLog = 0;
		};
		EFA43CD47518AFB0D4DE7DDE /* [CP] Embed Pods Frameworks */ = {
			isa = PBXShellScriptBuildPhase;
			buildActionMask = 2147483647;
			files = (
			);
			inputPaths = (
			);
			name = "[CP] Embed Pods Frameworks";
			outputPaths = (
			);
			runOnlyForDeploymentPostprocessing = 0;
			shellPath = /bin/sh;
			shellScript = "\"${SRCROOT}/Pods/Target Support Files/Pods-Tests/Pods-Tests-frameworks.sh\"\n";
			showEnvVarsInLog = 0;
		};
/* End PBXShellScriptBuildPhase section */

/* Begin PBXSourcesBuildPhase section */
		5C627F291E2F14D50042D9BE /* Sources */ = {
			isa = PBXSourcesBuildPhase;
			buildActionMask = 2147483647;
			files = (
				5CF033FD1E4179A3000C97CC /* Paginatable.swift in Sources */,
				5CF033F81E415AAD000C97CC /* TimeRange.swift in Sources */,
				5CF033F21E3ED785000C97CC /* CopyrightObject.swift in Sources */,
				5CF033F31E3ED785000C97CC /* CursorsObject.swift in Sources */,
				5CF033C11E3ED6AB000C97CC /* Album.swift in Sources */,
				5CF033C21E3ED6AB000C97CC /* Artist.swift in Sources */,
				5CF033C31E3ED6AB000C97CC /* AudioAnalysis.swift in Sources */,
				5CF033C41E3ED6AB000C97CC /* AudioAnalysisBar.swift in Sources */,
				5CF033C51E3ED6AB000C97CC /* AudioAnalysisBeat.swift in Sources */,
				5CF033C61E3ED6AB000C97CC /* AudioAnalysisMeta.swift in Sources */,
				5CF033C71E3ED6AB000C97CC /* AudioAnalysisSection.swift in Sources */,
				5CF033C81E3ED6AB000C97CC /* AudioAnalysisSegment.swift in Sources */,
				5CF033C91E3ED6AB000C97CC /* AudioAnalysisTatum.swift in Sources */,
				5CF033CA1E3ED6AB000C97CC /* AudioAnalysisTrack.swift in Sources */,
				5CF033CB1E3ED6AB000C97CC /* AudioFeaturesObject.swift in Sources */,
				5CF033CC1E3ED6AB000C97CC /* CategoryObject.swift in Sources */,
				5CF033CD1E3ED6AB000C97CC /* CountryCode.swift in Sources */,
				5CF033CE1E3ED6AB000C97CC /* FeaturedPlaylistsObject.swift in Sources */,
				5CF033CF1E3ED6AB000C97CC /* FollowersObject.swift in Sources */,
				5CF033D01E3ED6AB000C97CC /* FollowType.swift in Sources */,
				5CF033D11E3ED6AB000C97CC /* ItemSearchType.swift in Sources */,
				5CF033D21E3ED6AB000C97CC /* LinkedTrackObject.swift in Sources */,
				5CF033D31E3ED6AB000C97CC /* PagingObject.swift in Sources */,
				5CF033D41E3ED6AB000C97CC /* Playlist.swift in Sources */,
				5CF033D51E3ED6AB000C97CC /* PlaylistTrack.swift in Sources */,
				5CF033D61E3ED6AB000C97CC /* PrivateUser.swift in Sources */,
				5CF033D71E3ED6AB000C97CC /* PublicUser.swift in Sources */,
				5CF033D81E3ED6AB000C97CC /* RecommendationsObject.swift in Sources */,
				5CF033D91E3ED6AB000C97CC /* RecommendationsSeedObject.swift in Sources */,
				5CF033DA1E3ED6AB000C97CC /* SavedAlbum.swift in Sources */,
				5CF033DB1E3ED6AB000C97CC /* SavedTrack.swift in Sources */,
				5CF033DC1E3ED6AB000C97CC /* SimplifiedAlbum.swift in Sources */,
				5CF033DD1E3ED6AB000C97CC /* SimplifiedArtist.swift in Sources */,
				5CF033DE1E3ED6AB000C97CC /* SimplifiedPlaylist.swift in Sources */,
				5CF033DF1E3ED6AB000C97CC /* SimplifiedTrack.swift in Sources */,
				5CF033E01E3ED6AB000C97CC /* SnapshotResponse.swift in Sources */,
				5CF033E11E3ED6AB000C97CC /* Spartan.swift in Sources */,
				5CF033E21E3ED6AB000C97CC /* SpartanBaseObject.swift in Sources */,
				5CF033E51E3ED6AB000C97CC /* SpartanError.swift in Sources */,
				5CF033E61E3ED6AB000C97CC /* SpartanImage.swift in Sources */,
				5CF033E71E3ED6AB000C97CC /* SpartanRequestAdapater.swift in Sources */,
				5CF033E81E3ED6AB000C97CC /* SpartanRequestLogger.swift in Sources */,
				5CF033E91E3ED6AB000C97CC /* SpartanRequestManager.swift in Sources */,
				5CF033EA1E3ED6AB000C97CC /* SpartanURL.swift in Sources */,
				5CF033EB1E3ED6AB000C97CC /* Track.swift in Sources */,
				5CF033EC1E3ED6AB000C97CC /* TracksObject.swift in Sources */,
				5CF033ED1E3ED6AB000C97CC /* TuneableTrackAttribute.swift in Sources */,
				5CF648791E34203300E0702B /* OAuthTests.swift in Sources */,
				5CF648A81E3448B300E0702B /* BaseTests.swift in Sources */,
				5C627F301E2F14D50042D9BE /* NonOAuthTests.swift in Sources */,
			);
			runOnlyForDeploymentPostprocessing = 0;
		};
		607FACCC1AFB9204008FA782 /* Sources */ = {
			isa = PBXSourcesBuildPhase;
			buildActionMask = 2147483647;
			files = (
				5CF033F01E3ED77C000C97CC /* CopyrightObject.swift in Sources */,
				5CF033A61E3ED69F000C97CC /* PagingObject.swift in Sources */,
				607FACD81AFB9204008FA782 /* ViewController.swift in Sources */,
				607FACD61AFB9204008FA782 /* AppDelegate.swift in Sources */,
				5CF033BD1E3ED69F000C97CC /* SpartanURL.swift in Sources */,
				5CF033F11E3ED77C000C97CC /* CursorsObject.swift in Sources */,
				5CF033F71E415AA5000C97CC /* TimeRange.swift in Sources */,
				5CF033A81E3ED69F000C97CC /* PlaylistTrack.swift in Sources */,
				5CF033B41E3ED69F000C97CC /* Spartan.swift in Sources */,
				5CF0339E1E3ED69F000C97CC /* AudioFeaturesObject.swift in Sources */,
				5CF033BC1E3ED69F000C97CC /* SpartanRequestManager.swift in Sources */,
				5CF033B21E3ED69F000C97CC /* SimplifiedTrack.swift in Sources */,
				5CF0339B1E3ED69F000C97CC /* AudioAnalysisSegment.swift in Sources */,
				5CF033AE1E3ED69F000C97CC /* SavedTrack.swift in Sources */,
				5CF033B81E3ED69F000C97CC /* SpartanError.swift in Sources */,
				5CF033A11E3ED69F000C97CC /* FeaturedPlaylistsObject.swift in Sources */,
				5CF0339A1E3ED69F000C97CC /* AudioAnalysisSection.swift in Sources */,
				5CF033BB1E3ED69F000C97CC /* SpartanRequestLogger.swift in Sources */,
				5CF0339C1E3ED69F000C97CC /* AudioAnalysisTatum.swift in Sources */,
				5CF033971E3ED69F000C97CC /* AudioAnalysisBar.swift in Sources */,
				5CF033BF1E3ED69F000C97CC /* TracksObject.swift in Sources */,
				5CF033B11E3ED69F000C97CC /* SimplifiedPlaylist.swift in Sources */,
				5CF033A31E3ED69F000C97CC /* FollowType.swift in Sources */,
				5CF0339D1E3ED69F000C97CC /* AudioAnalysisTrack.swift in Sources */,
				5CF033AC1E3ED69F000C97CC /* RecommendationsSeedObject.swift in Sources */,
				5CF033A01E3ED69F000C97CC /* CountryCode.swift in Sources */,
				5CF033AB1E3ED69F000C97CC /* RecommendationsObject.swift in Sources */,
				5CF033AD1E3ED69F000C97CC /* SavedAlbum.swift in Sources */,
				5CF033A21E3ED69F000C97CC /* FollowersObject.swift in Sources */,
				5CF033A91E3ED69F000C97CC /* PrivateUser.swift in Sources */,
				5CF033951E3ED69F000C97CC /* Artist.swift in Sources */,
				5CF033A51E3ED69F000C97CC /* LinkedTrackObject.swift in Sources */,
				5CF033AA1E3ED69F000C97CC /* PublicUser.swift in Sources */,
				5CF033961E3ED69F000C97CC /* AudioAnalysis.swift in Sources */,
				5CF0339F1E3ED69F000C97CC /* CategoryObject.swift in Sources */,
				5CF033981E3ED69F000C97CC /* AudioAnalysisBeat.swift in Sources */,
				5CF033C01E3ED69F000C97CC /* TuneableTrackAttribute.swift in Sources */,
				5CF033FC1E41799C000C97CC /* Paginatable.swift in Sources */,
				5CF033BA1E3ED69F000C97CC /* SpartanRequestAdapater.swift in Sources */,
				5CF033B01E3ED69F000C97CC /* SimplifiedArtist.swift in Sources */,
				5CF033B51E3ED69F000C97CC /* SpartanBaseObject.swift in Sources */,
				5CF033B91E3ED69F000C97CC /* SpartanImage.swift in Sources */,
				5CF033A41E3ED69F000C97CC /* ItemSearchType.swift in Sources */,
				5CF033A71E3ED69F000C97CC /* Playlist.swift in Sources */,
				5CF033941E3ED69F000C97CC /* Album.swift in Sources */,
				5CF033BE1E3ED69F000C97CC /* Track.swift in Sources */,
				5CF033991E3ED69F000C97CC /* AudioAnalysisMeta.swift in Sources */,
				5CF033B31E3ED69F000C97CC /* SnapshotResponse.swift in Sources */,
				5CF033AF1E3ED69F000C97CC /* SimplifiedAlbum.swift in Sources */,
			);
			runOnlyForDeploymentPostprocessing = 0;
		};
/* End PBXSourcesBuildPhase section */

/* Begin PBXTargetDependency section */
		5C627F331E2F14D50042D9BE /* PBXTargetDependency */ = {
			isa = PBXTargetDependency;
			target = 607FACCF1AFB9204008FA782 /* SpartanExample */;
			targetProxy = 5C627F321E2F14D50042D9BE /* PBXContainerItemProxy */;
		};
/* End PBXTargetDependency section */

/* Begin PBXVariantGroup section */
		607FACD91AFB9204008FA782 /* Main.storyboard */ = {
			isa = PBXVariantGroup;
			children = (
				607FACDA1AFB9204008FA782 /* Base */,
			);
			name = Main.storyboard;
			sourceTree = "<group>";
		};
		607FACDE1AFB9204008FA782 /* LaunchScreen.xib */ = {
			isa = PBXVariantGroup;
			children = (
				607FACDF1AFB9204008FA782 /* Base */,
			);
			name = LaunchScreen.xib;
			sourceTree = "<group>";
		};
/* End PBXVariantGroup section */

/* Begin XCBuildConfiguration section */
		5C627F351E2F14D50042D9BE /* Debug */ = {
			isa = XCBuildConfiguration;
			baseConfigurationReference = 7D5D0367C7FA1F77482FDB65 /* Pods-Tests.debug.xcconfig */;
			buildSettings = {
				ALWAYS_EMBED_SWIFT_STANDARD_LIBRARIES = YES;
				BUNDLE_LOADER = "$(TEST_HOST)";
				CLANG_ANALYZER_NONNULL = YES;
				CLANG_WARN_DOCUMENTATION_COMMENTS = YES;
				DEBUG_INFORMATION_FORMAT = dwarf;
				INFOPLIST_FILE = Tests/Info.plist;
				IPHONEOS_DEPLOYMENT_TARGET = 10.2;
				LD_RUNPATH_SEARCH_PATHS = "$(inherited) @executable_path/Frameworks @loader_path/Frameworks";
				PRODUCT_BUNDLE_IDENTIFIER = "Dalton-Hinterscher.Tests";
				PRODUCT_NAME = "$(TARGET_NAME)";
				SWIFT_ACTIVE_COMPILATION_CONDITIONS = DEBUG;
				SWIFT_VERSION = 3.0;
				TEST_HOST = "$(BUILT_PRODUCTS_DIR)/SpartanExample.app/SpartanExample";
			};
			name = Debug;
		};
		5C627F361E2F14D50042D9BE /* Release */ = {
			isa = XCBuildConfiguration;
			baseConfigurationReference = 9E644F8E2EE9234AC817160B /* Pods-Tests.release.xcconfig */;
			buildSettings = {
				ALWAYS_EMBED_SWIFT_STANDARD_LIBRARIES = YES;
				BUNDLE_LOADER = "$(TEST_HOST)";
				CLANG_ANALYZER_NONNULL = YES;
				CLANG_WARN_DOCUMENTATION_COMMENTS = YES;
				INFOPLIST_FILE = Tests/Info.plist;
				IPHONEOS_DEPLOYMENT_TARGET = 10.2;
				LD_RUNPATH_SEARCH_PATHS = "$(inherited) @executable_path/Frameworks @loader_path/Frameworks";
				PRODUCT_BUNDLE_IDENTIFIER = "Dalton-Hinterscher.Tests";
				PRODUCT_NAME = "$(TARGET_NAME)";
				SWIFT_VERSION = 3.0;
				TEST_HOST = "$(BUILT_PRODUCTS_DIR)/SpartanExample.app/SpartanExample";
			};
			name = Release;
		};
		607FACED1AFB9204008FA782 /* Debug */ = {
			isa = XCBuildConfiguration;
			buildSettings = {
				ALWAYS_SEARCH_USER_PATHS = NO;
				CLANG_CXX_LANGUAGE_STANDARD = "gnu++0x";
				CLANG_CXX_LIBRARY = "libc++";
				CLANG_ENABLE_MODULES = YES;
				CLANG_ENABLE_OBJC_ARC = YES;
				CLANG_WARN_BOOL_CONVERSION = YES;
				CLANG_WARN_CONSTANT_CONVERSION = YES;
				CLANG_WARN_DIRECT_OBJC_ISA_USAGE = YES_ERROR;
				CLANG_WARN_EMPTY_BODY = YES;
				CLANG_WARN_ENUM_CONVERSION = YES;
				CLANG_WARN_INFINITE_RECURSION = YES;
				CLANG_WARN_INT_CONVERSION = YES;
				CLANG_WARN_OBJC_ROOT_CLASS = YES_ERROR;
				CLANG_WARN_SUSPICIOUS_MOVE = YES;
				CLANG_WARN_UNREACHABLE_CODE = YES;
				CLANG_WARN__DUPLICATE_METHOD_MATCH = YES;
				"CODE_SIGN_IDENTITY[sdk=iphoneos*]" = "iPhone Developer";
				COPY_PHASE_STRIP = NO;
				DEBUG_INFORMATION_FORMAT = "dwarf-with-dsym";
				ENABLE_STRICT_OBJC_MSGSEND = YES;
				ENABLE_TESTABILITY = YES;
				GCC_C_LANGUAGE_STANDARD = gnu99;
				GCC_DYNAMIC_NO_PIC = NO;
				GCC_NO_COMMON_BLOCKS = YES;
				GCC_OPTIMIZATION_LEVEL = 0;
				GCC_PREPROCESSOR_DEFINITIONS = (
					"DEBUG=1",
					"$(inherited)",
				);
				GCC_SYMBOLS_PRIVATE_EXTERN = NO;
				GCC_WARN_64_TO_32_BIT_CONVERSION = YES;
				GCC_WARN_ABOUT_RETURN_TYPE = YES_ERROR;
				GCC_WARN_UNDECLARED_SELECTOR = YES;
				GCC_WARN_UNINITIALIZED_AUTOS = YES_AGGRESSIVE;
				GCC_WARN_UNUSED_FUNCTION = YES;
				GCC_WARN_UNUSED_VARIABLE = YES;
				IPHONEOS_DEPLOYMENT_TARGET = 8.3;
				MTL_ENABLE_DEBUG_INFO = YES;
				ONLY_ACTIVE_ARCH = YES;
				SDKROOT = iphoneos;
				SWIFT_OPTIMIZATION_LEVEL = "-Onone";
			};
			name = Debug;
		};
		607FACEE1AFB9204008FA782 /* Release */ = {
			isa = XCBuildConfiguration;
			buildSettings = {
				ALWAYS_SEARCH_USER_PATHS = NO;
				CLANG_CXX_LANGUAGE_STANDARD = "gnu++0x";
				CLANG_CXX_LIBRARY = "libc++";
				CLANG_ENABLE_MODULES = YES;
				CLANG_ENABLE_OBJC_ARC = YES;
				CLANG_WARN_BOOL_CONVERSION = YES;
				CLANG_WARN_CONSTANT_CONVERSION = YES;
				CLANG_WARN_DIRECT_OBJC_ISA_USAGE = YES_ERROR;
				CLANG_WARN_EMPTY_BODY = YES;
				CLANG_WARN_ENUM_CONVERSION = YES;
				CLANG_WARN_INFINITE_RECURSION = YES;
				CLANG_WARN_INT_CONVERSION = YES;
				CLANG_WARN_OBJC_ROOT_CLASS = YES_ERROR;
				CLANG_WARN_SUSPICIOUS_MOVE = YES;
				CLANG_WARN_UNREACHABLE_CODE = YES;
				CLANG_WARN__DUPLICATE_METHOD_MATCH = YES;
				"CODE_SIGN_IDENTITY[sdk=iphoneos*]" = "iPhone Developer";
				COPY_PHASE_STRIP = NO;
				DEBUG_INFORMATION_FORMAT = "dwarf-with-dsym";
				ENABLE_NS_ASSERTIONS = NO;
				ENABLE_STRICT_OBJC_MSGSEND = YES;
				GCC_C_LANGUAGE_STANDARD = gnu99;
				GCC_NO_COMMON_BLOCKS = YES;
				GCC_WARN_64_TO_32_BIT_CONVERSION = YES;
				GCC_WARN_ABOUT_RETURN_TYPE = YES_ERROR;
				GCC_WARN_UNDECLARED_SELECTOR = YES;
				GCC_WARN_UNINITIALIZED_AUTOS = YES_AGGRESSIVE;
				GCC_WARN_UNUSED_FUNCTION = YES;
				GCC_WARN_UNUSED_VARIABLE = YES;
				IPHONEOS_DEPLOYMENT_TARGET = 8.3;
				MTL_ENABLE_DEBUG_INFO = NO;
				SDKROOT = iphoneos;
				SWIFT_OPTIMIZATION_LEVEL = "-Owholemodule";
				VALIDATE_PRODUCT = YES;
			};
			name = Release;
		};
		607FACF01AFB9204008FA782 /* Debug */ = {
			isa = XCBuildConfiguration;
			baseConfigurationReference = F6CC7B10F35CDB83F37498AF /* Pods-SpartanExample.debug.xcconfig */;
			buildSettings = {
				ALWAYS_EMBED_SWIFT_STANDARD_LIBRARIES = YES;
				ASSETCATALOG_COMPILER_APPICON_NAME = AppIcon;
				INFOPLIST_FILE = Spartan/Info.plist;
				LD_RUNPATH_SEARCH_PATHS = "$(inherited) @executable_path/Frameworks";
				MODULE_NAME = ExampleApp;
				PRODUCT_BUNDLE_IDENTIFIER = "org.cocoapods.demo.$(PRODUCT_NAME:rfc1034identifier)";
				PRODUCT_NAME = "$(TARGET_NAME)";
				SWIFT_VERSION = 3.0;
			};
			name = Debug;
		};
		607FACF11AFB9204008FA782 /* Release */ = {
			isa = XCBuildConfiguration;
			baseConfigurationReference = D2621101D8D15FE4F12863F3 /* Pods-SpartanExample.release.xcconfig */;
			buildSettings = {
				ALWAYS_EMBED_SWIFT_STANDARD_LIBRARIES = YES;
				ASSETCATALOG_COMPILER_APPICON_NAME = AppIcon;
				INFOPLIST_FILE = Spartan/Info.plist;
				LD_RUNPATH_SEARCH_PATHS = "$(inherited) @executable_path/Frameworks";
				MODULE_NAME = ExampleApp;
				PRODUCT_BUNDLE_IDENTIFIER = "org.cocoapods.demo.$(PRODUCT_NAME:rfc1034identifier)";
				PRODUCT_NAME = "$(TARGET_NAME)";
				SWIFT_VERSION = 3.0;
			};
			name = Release;
		};
/* End XCBuildConfiguration section */

/* Begin XCConfigurationList section */
		5C627F341E2F14D50042D9BE /* Build configuration list for PBXNativeTarget "Tests" */ = {
			isa = XCConfigurationList;
			buildConfigurations = (
				5C627F351E2F14D50042D9BE /* Debug */,
				5C627F361E2F14D50042D9BE /* Release */,
			);
			defaultConfigurationIsVisible = 0;
			defaultConfigurationName = Release;
		};
		607FACCB1AFB9204008FA782 /* Build configuration list for PBXProject "Spartan" */ = {
			isa = XCConfigurationList;
			buildConfigurations = (
				607FACED1AFB9204008FA782 /* Debug */,
				607FACEE1AFB9204008FA782 /* Release */,
			);
			defaultConfigurationIsVisible = 0;
			defaultConfigurationName = Release;
		};
		607FACEF1AFB9204008FA782 /* Build configuration list for PBXNativeTarget "SpartanExample" */ = {
			isa = XCConfigurationList;
			buildConfigurations = (
				607FACF01AFB9204008FA782 /* Debug */,
				607FACF11AFB9204008FA782 /* Release */,
			);
			defaultConfigurationIsVisible = 0;
			defaultConfigurationName = Release;
		};
/* End XCConfigurationList section */
	};
	rootObject = 607FACC81AFB9204008FA782 /* Project object */;
}
